
Microsoft Visual Studio Solution File, Format Version 12.00
# Visual Studio Version 16
VisualStudioVersion = 16.0.30114.105
MinimumVisualStudioVersion = 10.0.40219.1
Project("{9A19103F-16F7-4668-BE54-9A1E7A4F7556}") = "Etsysharp", "Etsysharp\Etsysharp.csproj", "{2090E551-8026-4E1E-874C-D56FA234F9AE}"
EndProject
Global
	GlobalSection(SolutionConfigurationPlatforms) = preSolution
		Debug|Any CPU = Debug|Any CPU
		Release|Any CPU = Release|Any CPU
	EndGlobalSection
	GlobalSection(ProjectConfigurationPlatforms) = postSolution
		{2090E551-8026-4E1E-874C-D56FA234F9AE}.Debug|Any CPU.ActiveCfg = Debug|Any CPU
		{2090E551-8026-4E1E-874C-D56FA234F9AE}.Debug|Any CPU.Build.0 = Debug|Any CPU
		{2090E551-8026-4E1E-874C-D56FA234F9AE}.Release|Any CPU.ActiveCfg = Release|Any CPU
		{2090E551-8026-4E1E-874C-D56FA234F9AE}.Release|Any CPU.Build.0 = Release|Any CPU
	EndGlobalSection
	GlobalSection(SolutionProperties) = preSolution
		HideSolutionNode = FALSE
	EndGlobalSection
	GlobalSection(ExtensibilityGlobals) = postSolution
		SolutionGuid = {3B4E1E44-8408-4431-BE82-60DD0B036CD3}
	EndGlobalSection
EndGlobal
